
Microsoft Visual Studio Solution File, Format Version 12.00
# Visual Studio Version 17
VisualStudioVersion = 17.0.31903.59
MinimumVisualStudioVersion = 10.0.40219.1
Project("{9A19103F-16F7-4668-BE54-9A1E7A4F7556}") = "AssistantFramework.Extensions", "Source\AssistantFramework.Extensions\AssistantFramework.Extensions.csproj", "{2C21BE1E-7747-45CD-9385-C579B286943E}"
EndProject
Project("{9A19103F-16F7-4668-BE54-9A1E7A4F7556}") = "AssistantFramework.Constants", "Source\AssistantFramework.Constants\AssistantFramework.Constants.csproj", "{0ECF2AF9-38D0-4375-B7CF-10947A43BB91}"
EndProject
Project("{9A19103F-16F7-4668-BE54-9A1E7A4F7556}") = "AssistantFramework.Models", "Source\AssistantFramework.Models\AssistantFramework.Models.csproj", "{06951A06-CD19-49DD-99ED-3BF6A98CE229}"
EndProject
Project("{2150E333-8FDC-42A3-9474-1A3956D46DE8}") = "Frameworks", "Frameworks", "{D31AE26D-C4CB-4325-AB15-DA3621D9AD05}"
EndProject
Project("{2150E333-8FDC-42A3-9474-1A3956D46DE8}") = "Tests", "Tests", "{FDBE2567-DE3B-49F4-9152-5C551FBAC657}"
EndProject
Project("{2150E333-8FDC-42A3-9474-1A3956D46DE8}") = "SolutionItems", "SolutionItems", "{62E255F2-BCA6-45FE-9F2C-F13C2CAAABB0}"
	ProjectSection(SolutionItems) = preProject
		.gitignore = .gitignore
		LICENSE = LICENSE
		README.md = README.md
	EndProjectSection
EndProject
Global
	GlobalSection(SolutionConfigurationPlatforms) = preSolution
		Debug|Any CPU = Debug|Any CPU
		Release|Any CPU = Release|Any CPU
	EndGlobalSection
	GlobalSection(ProjectConfigurationPlatforms) = postSolution
		{2C21BE1E-7747-45CD-9385-C579B286943E}.Debug|Any CPU.ActiveCfg = Debug|Any CPU
		{2C21BE1E-7747-45CD-9385-C579B286943E}.Debug|Any CPU.Build.0 = Debug|Any CPU
		{2C21BE1E-7747-45CD-9385-C579B286943E}.Release|Any CPU.ActiveCfg = Release|Any CPU
		{2C21BE1E-7747-45CD-9385-C579B286943E}.Release|Any CPU.Build.0 = Release|Any CPU
		{0ECF2AF9-38D0-4375-B7CF-10947A43BB91}.Debug|Any CPU.ActiveCfg = Debug|Any CPU
		{0ECF2AF9-38D0-4375-B7CF-10947A43BB91}.Debug|Any CPU.Build.0 = Debug|Any CPU
		{0ECF2AF9-38D0-4375-B7CF-10947A43BB91}.Release|Any CPU.ActiveCfg = Release|Any CPU
		{0ECF2AF9-38D0-4375-B7CF-10947A43BB91}.Release|Any CPU.Build.0 = Release|Any CPU
		{06951A06-CD19-49DD-99ED-3BF6A98CE229}.Debug|Any CPU.ActiveCfg = Debug|Any CPU
		{06951A06-CD19-49DD-99ED-3BF6A98CE229}.Debug|Any CPU.Build.0 = Debug|Any CPU
		{06951A06-CD19-49DD-99ED-3BF6A98CE229}.Release|Any CPU.ActiveCfg = Release|Any CPU
		{06951A06-CD19-49DD-99ED-3BF6A98CE229}.Release|Any CPU.Build.0 = Release|Any CPU
	EndGlobalSection
	GlobalSection(SolutionProperties) = preSolution
		HideSolutionNode = FALSE
	EndGlobalSection
	GlobalSection(NestedProjects) = preSolution
		{2C21BE1E-7747-45CD-9385-C579B286943E} = {D31AE26D-C4CB-4325-AB15-DA3621D9AD05}
		{0ECF2AF9-38D0-4375-B7CF-10947A43BB91} = {D31AE26D-C4CB-4325-AB15-DA3621D9AD05}
		{06951A06-CD19-49DD-99ED-3BF6A98CE229} = {D31AE26D-C4CB-4325-AB15-DA3621D9AD05}
	EndGlobalSection
	GlobalSection(ExtensibilityGlobals) = postSolution
		SolutionGuid = {DBD8EE72-21CA-4613-B07B-2E7EB82D4071}
	EndGlobalSection
EndGlobal
